
Microsoft Visual Studio Solution File, Format Version 12.00
# Visual Studio Version 16
VisualStudioVersion = 16.0.30413.136
MinimumVisualStudioVersion = 10.0.40219.1
Project("{FAE04EC0-301F-11D3-BF4B-00C04F79EFBC}") = "TestWindowsService", "TestWindowsService\TestWindowsService.csproj", "{3545D9A9-FB50-4C9B-9AA0-588CB1B8FA0B}"
EndProject
Global
	GlobalSection(SolutionConfigurationPlatforms) = preSolution
		Debug|Any CPU = Debug|Any CPU
		Release|Any CPU = Release|Any CPU
	EndGlobalSection
	GlobalSection(ProjectConfigurationPlatforms) = postSolution
		{3545D9A9-FB50-4C9B-9AA0-588CB1B8FA0B}.Debug|Any CPU.ActiveCfg = Debug|Any CPU
		{3545D9A9-FB50-4C9B-9AA0-588CB1B8FA0B}.Debug|Any CPU.Build.0 = Debug|Any CPU
		{3545D9A9-FB50-4C9B-9AA0-588CB1B8FA0B}.Release|Any CPU.ActiveCfg = Release|Any CPU
		{3545D9A9-FB50-4C9B-9AA0-588CB1B8FA0B}.Release|Any CPU.Build.0 = Release|Any CPU
	EndGlobalSection
	GlobalSection(SolutionProperties) = preSolution
		HideSolutionNode = FALSE
	EndGlobalSection
	GlobalSection(ExtensibilityGlobals) = postSolution
		SolutionGuid = {5A1A8132-A389-4767-8553-F6DFE8914D47}
	EndGlobalSection
EndGlobal
