
Microsoft Visual Studio Solution File, Format Version 12.00
# Visual Studio Version 16
VisualStudioVersion = 16.0.30413.136
MinimumVisualStudioVersion = 10.0.40219.1
Project("{FAE04EC0-301F-11D3-BF4B-00C04F79EFBC}") = "ThreadSynchronizing", "ThreadSynchronizing\ThreadSynchronizing.csproj", "{61326B4F-A0BD-4C89-86C6-66051A325AA5}"
EndProject
Global
	GlobalSection(SolutionConfigurationPlatforms) = preSolution
		Debug|Any CPU = Debug|Any CPU
		Release|Any CPU = Release|Any CPU
	EndGlobalSection
	GlobalSection(ProjectConfigurationPlatforms) = postSolution
		{61326B4F-A0BD-4C89-86C6-66051A325AA5}.Debug|Any CPU.ActiveCfg = Debug|Any CPU
		{61326B4F-A0BD-4C89-86C6-66051A325AA5}.Debug|Any CPU.Build.0 = Debug|Any CPU
		{61326B4F-A0BD-4C89-86C6-66051A325AA5}.Release|Any CPU.ActiveCfg = Release|Any CPU
		{61326B4F-A0BD-4C89-86C6-66051A325AA5}.Release|Any CPU.Build.0 = Release|Any CPU
	EndGlobalSection
	GlobalSection(SolutionProperties) = preSolution
		HideSolutionNode = FALSE
	EndGlobalSection
	GlobalSection(ExtensibilityGlobals) = postSolution
		SolutionGuid = {73A2F67A-7E86-41D1-BEF3-7DAF48DCD0D1}
	EndGlobalSection
EndGlobal
